
Microsoft Visual Studio Solution File, Format Version 12.00
# Visual Studio Version 17
VisualStudioVersion = 17.2.32616.157
MinimumVisualStudioVersion = 10.0.40219.1
Project("{FAE04EC0-301F-11D3-BF4B-00C04F79EFBC}") = "_3_GUI_PresentationLayer", "_3_GUI_PresentationLayer\_3_GUI_PresentationLayer.csproj", "{0A221A22-AE21-46F5-898B-BDEFFA2C8AFC}"
EndProject
Project("{FAE04EC0-301F-11D3-BF4B-00C04F79EFBC}") = "_2_BUS_BusinessLayer", "_2_BUS_BusinessLayer\_2_BUS_BusinessLayer.csproj", "{D8DB812F-EAAA-4E1D-B079-EA20F889F079}"
EndProject
Project("{FAE04EC0-301F-11D3-BF4B-00C04F79EFBC}") = "_1_DAL_DataAcessLayer", "_1_DAL_DataAcessLayer\_1_DAL_DataAcessLayer.csproj", "{9ACDB43A-201A-4949-9E28-9D9F84FE3F06}"
EndProject
Global
	GlobalSection(SolutionConfigurationPlatforms) = preSolution
		Debug|Any CPU = Debug|Any CPU
		Release|Any CPU = Release|Any CPU
	EndGlobalSection
	GlobalSection(ProjectConfigurationPlatforms) = postSolution
		{0A221A22-AE21-46F5-898B-BDEFFA2C8AFC}.Debug|Any CPU.ActiveCfg = Debug|Any CPU
		{0A221A22-AE21-46F5-898B-BDEFFA2C8AFC}.Debug|Any CPU.Build.0 = Debug|Any CPU
		{0A221A22-AE21-46F5-898B-BDEFFA2C8AFC}.Release|Any CPU.ActiveCfg = Release|Any CPU
		{0A221A22-AE21-46F5-898B-BDEFFA2C8AFC}.Release|Any CPU.Build.0 = Release|Any CPU
		{D8DB812F-EAAA-4E1D-B079-EA20F889F079}.Debug|Any CPU.ActiveCfg = Debug|Any CPU
		{D8DB812F-EAAA-4E1D-B079-EA20F889F079}.Debug|Any CPU.Build.0 = Debug|Any CPU
		{D8DB812F-EAAA-4E1D-B079-EA20F889F079}.Release|Any CPU.ActiveCfg = Release|Any CPU
		{D8DB812F-EAAA-4E1D-B079-EA20F889F079}.Release|Any CPU.Build.0 = Release|Any CPU
		{9ACDB43A-201A-4949-9E28-9D9F84FE3F06}.Debug|Any CPU.ActiveCfg = Debug|Any CPU
		{9ACDB43A-201A-4949-9E28-9D9F84FE3F06}.Debug|Any CPU.Build.0 = Debug|Any CPU
		{9ACDB43A-201A-4949-9E28-9D9F84FE3F06}.Release|Any CPU.ActiveCfg = Release|Any CPU
		{9ACDB43A-201A-4949-9E28-9D9F84FE3F06}.Release|Any CPU.Build.0 = Release|Any CPU
	EndGlobalSection
	GlobalSection(SolutionProperties) = preSolution
		HideSolutionNode = FALSE
	EndGlobalSection
	GlobalSection(ExtensibilityGlobals) = postSolution
		SolutionGuid = {AD3423F4-C74B-4516-98BF-C464A4723D3D}
	EndGlobalSection
EndGlobal
